// !$*UTF8*$!
{
	archiveVersion = 1;
	classes = {
	};
	objectVersion = 55;
	objects = {

/* Begin PBXBuildFile section */
		55045342ACEA7C672796F207 /* Pods_Twitter.framework in Frameworks */ = {isa = PBXBuildFile; fileRef = 32924AE4B1E6B17CEAC7AEF4 /* Pods_Twitter.framework */; };
		840DA7852BCE28AA008A00E5 /* GoogleService-Info.plist in Resources */ = {isa = PBXBuildFile; fileRef = 840DA7842BCE28AA008A00E5 /* GoogleService-Info.plist */; };
		840DA7872BCE2DB0008A00E5 /* Constants.swift in Sources */ = {isa = PBXBuildFile; fileRef = 840DA7862BCE2DB0008A00E5 /* Constants.swift */; };
		841410612A89DB3400ED651A /* AppDelegate.swift in Sources */ = {isa = PBXBuildFile; fileRef = 841410602A89DB3400ED651A /* AppDelegate.swift */; };
		841410632A89DB3400ED651A /* SceneDelegate.swift in Sources */ = {isa = PBXBuildFile; fileRef = 841410622A89DB3400ED651A /* SceneDelegate.swift */; };
		8414106A2A89DB3600ED651A /* Assets.xcassets in Resources */ = {isa = PBXBuildFile; fileRef = 841410692A89DB3600ED651A /* Assets.xcassets */; };
		8414106D2A89DB3600ED651A /* LaunchScreen.storyboard in Resources */ = {isa = PBXBuildFile; fileRef = 8414106B2A89DB3600ED651A /* LaunchScreen.storyboard */; };
		8414107D2A89DEF200ED651A /* MainTabController.swift in Sources */ = {isa = PBXBuildFile; fileRef = 8414107C2A89DEF200ED651A /* MainTabController.swift */; };
		841410812A89F99000ED651A /* ExploreController.swift in Sources */ = {isa = PBXBuildFile; fileRef = 841410802A89F99000ED651A /* ExploreController.swift */; };
		841410832A89F9A300ED651A /* NotificationsController.swift in Sources */ = {isa = PBXBuildFile; fileRef = 841410822A89F9A300ED651A /* NotificationsController.swift */; };
		841410852A89FA6700ED651A /* ConversationController.swift in Sources */ = {isa = PBXBuildFile; fileRef = 841410842A89FA6700ED651A /* ConversationController.swift */; };
		841410872A8A1AC400ED651A /* Extensions.swift in Sources */ = {isa = PBXBuildFile; fileRef = 841410862A8A1AC400ED651A /* Extensions.swift */; };
		8414108A2A8A23A800ED651A /* LoginViewController.swift in Sources */ = {isa = PBXBuildFile; fileRef = 841410892A8A23A800ED651A /* LoginViewController.swift */; };
		8414108F2A8A24FD00ED651A /* RegistrationController.swift in Sources */ = {isa = PBXBuildFile; fileRef = 8414108E2A8A24FD00ED651A /* RegistrationController.swift */; };
		841410912A8A44B200ED651A /* Utilities.swift in Sources */ = {isa = PBXBuildFile; fileRef = 841410902A8A44B200ED651A /* Utilities.swift */; };
		8416914C2BCCBF8C0062150A /* FeedViewController.swift in Sources */ = {isa = PBXBuildFile; fileRef = 8416914B2BCCBF8C0062150A /* FeedViewController.swift */; };
		84E31D862BE32CB900E00531 /* AuthService.swift in Sources */ = {isa = PBXBuildFile; fileRef = 84E31D852BE32CB900E00531 /* AuthService.swift */; };
/* End PBXBuildFile section */

/* Begin PBXFileReference section */
		305ABF77E1FA7C89CF470A19 /* Pods-Twitter.release.xcconfig */ = {isa = PBXFileReference; includeInIndex = 1; lastKnownFileType = text.xcconfig; name = "Pods-Twitter.release.xcconfig"; path = "Target Support Files/Pods-Twitter/Pods-Twitter.release.xcconfig"; sourceTree = "<group>"; };
		32924AE4B1E6B17CEAC7AEF4 /* Pods_Twitter.framework */ = {isa = PBXFileReference; explicitFileType = wrapper.framework; includeInIndex = 0; path = Pods_Twitter.framework; sourceTree = BUILT_PRODUCTS_DIR; };
		840DA7842BCE28AA008A00E5 /* GoogleService-Info.plist */ = {isa = PBXFileReference; fileEncoding = 4; lastKnownFileType = text.plist.xml; path = "GoogleService-Info.plist"; sourceTree = "<group>"; };
		840DA7862BCE2DB0008A00E5 /* Constants.swift */ = {isa = PBXFileReference; lastKnownFileType = sourcecode.swift; path = Constants.swift; sourceTree = "<group>"; };
		8414105D2A89DB3300ED651A /* Twitter.app */ = {isa = PBXFileReference; explicitFileType = wrapper.application; includeInIndex = 0; path = Twitter.app; sourceTree = BUILT_PRODUCTS_DIR; };
		841410602A89DB3400ED651A /* AppDelegate.swift */ = {isa = PBXFileReference; lastKnownFileType = sourcecode.swift; path = AppDelegate.swift; sourceTree = "<group>"; };
		841410622A89DB3400ED651A /* SceneDelegate.swift */ = {isa = PBXFileReference; lastKnownFileType = sourcecode.swift; path = SceneDelegate.swift; sourceTree = "<group>"; };
		841410692A89DB3600ED651A /* Assets.xcassets */ = {isa = PBXFileReference; lastKnownFileType = folder.assetcatalog; path = Assets.xcassets; sourceTree = "<group>"; };
		8414106C2A89DB3600ED651A /* Base */ = {isa = PBXFileReference; lastKnownFileType = file.storyboard; name = Base; path = Base.lproj/LaunchScreen.storyboard; sourceTree = "<group>"; };
		8414106E2A89DB3600ED651A /* Info.plist */ = {isa = PBXFileReference; lastKnownFileType = text.plist.xml; path = Info.plist; sourceTree = "<group>"; };
		8414107C2A89DEF200ED651A /* MainTabController.swift */ = {isa = PBXFileReference; lastKnownFileType = sourcecode.swift; path = MainTabController.swift; sourceTree = "<group>"; };
		841410802A89F99000ED651A /* ExploreController.swift */ = {isa = PBXFileReference; lastKnownFileType = sourcecode.swift; path = ExploreController.swift; sourceTree = "<group>"; };
		841410822A89F9A300ED651A /* NotificationsController.swift */ = {isa = PBXFileReference; lastKnownFileType = sourcecode.swift; path = NotificationsController.swift; sourceTree = "<group>"; };
		841410842A89FA6700ED651A /* ConversationController.swift */ = {isa = PBXFileReference; lastKnownFileType = sourcecode.swift; path = ConversationController.swift; sourceTree = "<group>"; };
		841410862A8A1AC400ED651A /* Extensions.swift */ = {isa = PBXFileReference; lastKnownFileType = sourcecode.swift; path = Extensions.swift; sourceTree = "<group>"; };
		841410892A8A23A800ED651A /* LoginViewController.swift */ = {isa = PBXFileReference; lastKnownFileType = sourcecode.swift; path = LoginViewController.swift; sourceTree = "<group>"; };
		8414108E2A8A24FD00ED651A /* RegistrationController.swift */ = {isa = PBXFileReference; lastKnownFileType = sourcecode.swift; path = RegistrationController.swift; sourceTree = "<group>"; };
		841410902A8A44B200ED651A /* Utilities.swift */ = {isa = PBXFileReference; lastKnownFileType = sourcecode.swift; path = Utilities.swift; sourceTree = "<group>"; };
		8416914B2BCCBF8C0062150A /* FeedViewController.swift */ = {isa = PBXFileReference; lastKnownFileType = sourcecode.swift; path = FeedViewController.swift; sourceTree = "<group>"; };
		84E31D852BE32CB900E00531 /* AuthService.swift */ = {isa = PBXFileReference; lastKnownFileType = sourcecode.swift; path = AuthService.swift; sourceTree = "<group>"; };
		E1CAAA55ECD98D6509A57D2A /* Pods-Twitter.debug.xcconfig */ = {isa = PBXFileReference; includeInIndex = 1; lastKnownFileType = text.xcconfig; name = "Pods-Twitter.debug.xcconfig"; path = "Target Support Files/Pods-Twitter/Pods-Twitter.debug.xcconfig"; sourceTree = "<group>"; };
/* End PBXFileReference section */

/* Begin PBXFrameworksBuildPhase section */
		8414105A2A89DB3300ED651A /* Frameworks */ = {
			isa = PBXFrameworksBuildPhase;
			buildActionMask = 2147483647;
			files = (
				55045342ACEA7C672796F207 /* Pods_Twitter.framework in Frameworks */,
			);
			runOnlyForDeploymentPostprocessing = 0;
		};
/* End PBXFrameworksBuildPhase section */

/* Begin PBXGroup section */
		673FD0C115EF4CB506E34F75 /* Frameworks */ = {
			isa = PBXGroup;
			children = (
				32924AE4B1E6B17CEAC7AEF4 /* Pods_Twitter.framework */,
			);
			name = Frameworks;
			sourceTree = "<group>";
		};
		76E47D18AFF03D0DA6417745 /* Pods */ = {
			isa = PBXGroup;
			children = (
				E1CAAA55ECD98D6509A57D2A /* Pods-Twitter.debug.xcconfig */,
				305ABF77E1FA7C89CF470A19 /* Pods-Twitter.release.xcconfig */,
			);
			path = Pods;
			sourceTree = "<group>";
		};
		841410542A89DB3300ED651A = {
			isa = PBXGroup;
			children = (
				8414105F2A89DB3300ED651A /* Twitter */,
				8414105E2A89DB3300ED651A /* Products */,
				76E47D18AFF03D0DA6417745 /* Pods */,
				673FD0C115EF4CB506E34F75 /* Frameworks */,
			);
			sourceTree = "<group>";
		};
		8414105E2A89DB3300ED651A /* Products */ = {
			isa = PBXGroup;
			children = (
				8414105D2A89DB3300ED651A /* Twitter.app */,
			);
			name = Products;
			sourceTree = "<group>";
		};
		8414105F2A89DB3300ED651A /* Twitter */ = {
			isa = PBXGroup;
			children = (
				84E31D842BE32C9700E00531 /* API */,
				8414107B2A89DE0A00ED651A /* Model */,
				8414107A2A89DDFD00ED651A /* View */,
				841410792A89DDFA00ED651A /* ViewModel */,
				841410782A89DDE800ED651A /* Controller */,
				841410742A89DDCA00ED651A /* Utils */,
				841410602A89DB3400ED651A /* AppDelegate.swift */,
				841410622A89DB3400ED651A /* SceneDelegate.swift */,
				841410692A89DB3600ED651A /* Assets.xcassets */,
				8414106B2A89DB3600ED651A /* LaunchScreen.storyboard */,
				840DA7842BCE28AA008A00E5 /* GoogleService-Info.plist */,
				8414106E2A89DB3600ED651A /* Info.plist */,
			);
			path = Twitter;
			sourceTree = "<group>";
		};
		841410742A89DDCA00ED651A /* Utils */ = {
			isa = PBXGroup;
			children = (
				841410862A8A1AC400ED651A /* Extensions.swift */,
				841410902A8A44B200ED651A /* Utilities.swift */,
				840DA7862BCE2DB0008A00E5 /* Constants.swift */,
			);
			path = Utils;
			sourceTree = "<group>";
		};
		841410782A89DDE800ED651A /* Controller */ = {
			isa = PBXGroup;
			children = (
				841410882A8A238D00ED651A /* Authentication */,
				8414107C2A89DEF200ED651A /* MainTabController.swift */,
				841410802A89F99000ED651A /* ExploreController.swift */,
				841410822A89F9A300ED651A /* NotificationsController.swift */,
				841410842A89FA6700ED651A /* ConversationController.swift */,
				8416914B2BCCBF8C0062150A /* FeedViewController.swift */,
			);
			name = Controller;
			sourceTree = "<group>";
		};
		841410792A89DDFA00ED651A /* ViewModel */ = {
			isa = PBXGroup;
			children = (
			);
			name = ViewModel;
			sourceTree = "<group>";
		};
		8414107A2A89DDFD00ED651A /* View */ = {
			isa = PBXGroup;
			children = (
			);
			name = View;
			sourceTree = "<group>";
		};
		8414107B2A89DE0A00ED651A /* Model */ = {
			isa = PBXGroup;
			children = (
			);
			name = Model;
			sourceTree = "<group>";
		};
		841410882A8A238D00ED651A /* Authentication */ = {
			isa = PBXGroup;
			children = (
				841410892A8A23A800ED651A /* LoginViewController.swift */,
				8414108E2A8A24FD00ED651A /* RegistrationController.swift */,
			);
			name = Authentication;
			sourceTree = "<group>";
		};
		84E31D842BE32C9700E00531 /* API */ = {
			isa = PBXGroup;
			children = (
				84E31D852BE32CB900E00531 /* AuthService.swift */,
			);
			name = API;
			sourceTree = "<group>";
		};
/* End PBXGroup section */

/* Begin PBXNativeTarget section */
		8414105C2A89DB3300ED651A /* Twitter */ = {
			isa = PBXNativeTarget;
			buildConfigurationList = 841410712A89DB3600ED651A /* Build configuration list for PBXNativeTarget "Twitter" */;
			buildPhases = (
				A0B1FD5AF67E32ED9EDE51D2 /* [CP] Check Pods Manifest.lock */,
				841410592A89DB3300ED651A /* Sources */,
				8414105A2A89DB3300ED651A /* Frameworks */,
				8414105B2A89DB3300ED651A /* Resources */,
				5368691509F740547B107106 /* [CP] Embed Pods Frameworks */,
			);
			buildRules = (
			);
			dependencies = (
			);
			name = Twitter;
			productName = Twitter;
			productReference = 8414105D2A89DB3300ED651A /* Twitter.app */;
			productType = "com.apple.product-type.application";
		};
/* End PBXNativeTarget section */

/* Begin PBXProject section */
		841410552A89DB3300ED651A /* Project object */ = {
			isa = PBXProject;
			attributes = {
				BuildIndependentTargetsInParallel = 1;
				LastSwiftUpdateCheck = 1410;
				LastUpgradeCheck = 1410;
				TargetAttributes = {
					8414105C2A89DB3300ED651A = {
						CreatedOnToolsVersion = 14.1;
					};
				};
			};
			buildConfigurationList = 841410582A89DB3300ED651A /* Build configuration list for PBXProject "Twitter" */;
			compatibilityVersion = "Xcode 13.0";
			developmentRegion = en;
			hasScannedForEncodings = 0;
			knownRegions = (
				en,
				Base,
			);
			mainGroup = 841410542A89DB3300ED651A;
			productRefGroup = 8414105E2A89DB3300ED651A /* Products */;
			projectDirPath = "";
			projectRoot = "";
			targets = (
				8414105C2A89DB3300ED651A /* Twitter */,
			);
		};
/* End PBXProject section */

/* Begin PBXResourcesBuildPhase section */
		8414105B2A89DB3300ED651A /* Resources */ = {
			isa = PBXResourcesBuildPhase;
			buildActionMask = 2147483647;
			files = (
				8414106D2A89DB3600ED651A /* LaunchScreen.storyboard in Resources */,
				840DA7852BCE28AA008A00E5 /* GoogleService-Info.plist in Resources */,
				8414106A2A89DB3600ED651A /* Assets.xcassets in Resources */,
			);
			runOnlyForDeploymentPostprocessing = 0;
		};
/* End PBXResourcesBuildPhase section */

/* Begin PBXShellScriptBuildPhase section */
		5368691509F740547B107106 /* [CP] Embed Pods Frameworks */ = {
			isa = PBXShellScriptBuildPhase;
			buildActionMask = 2147483647;
			files = (
			);
			inputFileListPaths = (
				"${PODS_ROOT}/Target Support Files/Pods-Twitter/Pods-Twitter-frameworks-${CONFIGURATION}-input-files.xcfilelist",
			);
			name = "[CP] Embed Pods Frameworks";
			outputFileListPaths = (
				"${PODS_ROOT}/Target Support Files/Pods-Twitter/Pods-Twitter-frameworks-${CONFIGURATION}-output-files.xcfilelist",
			);
			runOnlyForDeploymentPostprocessing = 0;
			shellPath = /bin/sh;
			shellScript = "\"${PODS_ROOT}/Target Support Files/Pods-Twitter/Pods-Twitter-frameworks.sh\"\n";
			showEnvVarsInLog = 0;
		};
		A0B1FD5AF67E32ED9EDE51D2 /* [CP] Check Pods Manifest.lock */ = {
			isa = PBXShellScriptBuildPhase;
			buildActionMask = 2147483647;
			files = (
			);
			inputFileListPaths = (
			);
			inputPaths = (
				"${PODS_PODFILE_DIR_PATH}/Podfile.lock",
				"${PODS_ROOT}/Manifest.lock",
			);
			name = "[CP] Check Pods Manifest.lock";
			outputFileListPaths = (
			);
			outputPaths = (
				"$(DERIVED_FILE_DIR)/Pods-Twitter-checkManifestLockResult.txt",
			);
			runOnlyForDeploymentPostprocessing = 0;
			shellPath = /bin/sh;
			shellScript = "diff \"${PODS_PODFILE_DIR_PATH}/Podfile.lock\" \"${PODS_ROOT}/Manifest.lock\" > /dev/null\nif [ $? != 0 ] ; then\n    # print error to STDERR\n    echo \"error: The sandbox is not in sync with the Podfile.lock. Run 'pod install' or update your CocoaPods installation.\" >&2\n    exit 1\nfi\n# This output is used by Xcode 'outputs' to avoid re-running this script phase.\necho \"SUCCESS\" > \"${SCRIPT_OUTPUT_FILE_0}\"\n";
			showEnvVarsInLog = 0;
		};
/* End PBXShellScriptBuildPhase section */

/* Begin PBXSourcesBuildPhase section */
		841410592A89DB3300ED651A /* Sources */ = {
			isa = PBXSourcesBuildPhase;
			buildActionMask = 2147483647;
			files = (
				8414108A2A8A23A800ED651A /* LoginViewController.swift in Sources */,
				841410832A89F9A300ED651A /* NotificationsController.swift in Sources */,
				841410912A8A44B200ED651A /* Utilities.swift in Sources */,
				841410612A89DB3400ED651A /* AppDelegate.swift in Sources */,
				841410812A89F99000ED651A /* ExploreController.swift in Sources */,
				841410872A8A1AC400ED651A /* Extensions.swift in Sources */,
				84E31D862BE32CB900E00531 /* AuthService.swift in Sources */,
				841410632A89DB3400ED651A /* SceneDelegate.swift in Sources */,
				8416914C2BCCBF8C0062150A /* FeedViewController.swift in Sources */,
				8414107D2A89DEF200ED651A /* MainTabController.swift in Sources */,
				841410852A89FA6700ED651A /* ConversationController.swift in Sources */,
				8414108F2A8A24FD00ED651A /* RegistrationController.swift in Sources */,
				840DA7872BCE2DB0008A00E5 /* Constants.swift in Sources */,
			);
			runOnlyForDeploymentPostprocessing = 0;
		};
/* End PBXSourcesBuildPhase section */

/* Begin PBXVariantGroup section */
		8414106B2A89DB3600ED651A /* LaunchScreen.storyboard */ = {
			isa = PBXVariantGroup;
			children = (
				8414106C2A89DB3600ED651A /* Base */,
			);
			name = LaunchScreen.storyboard;
			sourceTree = "<group>";
		};
/* End PBXVariantGroup section */

/* Begin XCBuildConfiguration section */
		8414106F2A89DB3600ED651A /* Debug */ = {
			isa = XCBuildConfiguration;
			buildSettings = {
				ALWAYS_SEARCH_USER_PATHS = NO;
				CLANG_ANALYZER_NONNULL = YES;
				CLANG_ANALYZER_NUMBER_OBJECT_CONVERSION = YES_AGGRESSIVE;
				CLANG_CXX_LANGUAGE_STANDARD = "gnu++20";
				CLANG_ENABLE_MODULES = YES;
				CLANG_ENABLE_OBJC_ARC = YES;
				CLANG_ENABLE_OBJC_WEAK = YES;
				CLANG_WARN_BLOCK_CAPTURE_AUTORELEASING = YES;
				CLANG_WARN_BOOL_CONVERSION = YES;
				CLANG_WARN_COMMA = YES;
				CLANG_WARN_CONSTANT_CONVERSION = YES;
				CLANG_WARN_DEPRECATED_OBJC_IMPLEMENTATIONS = YES;
				CLANG_WARN_DIRECT_OBJC_ISA_USAGE = YES_ERROR;
				CLANG_WARN_DOCUMENTATION_COMMENTS = YES;
				CLANG_WARN_EMPTY_BODY = YES;
				CLANG_WARN_ENUM_CONVERSION = YES;
				CLANG_WARN_INFINITE_RECURSION = YES;
				CLANG_WARN_INT_CONVERSION = YES;
				CLANG_WARN_NON_LITERAL_NULL_CONVERSION = YES;
				CLANG_WARN_OBJC_IMPLICIT_RETAIN_SELF = YES;
				CLANG_WARN_OBJC_LITERAL_CONVERSION = YES;
				CLANG_WARN_OBJC_ROOT_CLASS = YES_ERROR;
				CLANG_WARN_QUOTED_INCLUDE_IN_FRAMEWORK_HEADER = YES;
				CLANG_WARN_RANGE_LOOP_ANALYSIS = YES;
				CLANG_WARN_STRICT_PROTOTYPES = YES;
				CLANG_WARN_SUSPICIOUS_MOVE = YES;
				CLANG_WARN_UNGUARDED_AVAILABILITY = YES_AGGRESSIVE;
				CLANG_WARN_UNREACHABLE_CODE = YES;
				CLANG_WARN__DUPLICATE_METHOD_MATCH = YES;
				COPY_PHASE_STRIP = NO;
				DEBUG_INFORMATION_FORMAT = dwarf;
				ENABLE_STRICT_OBJC_MSGSEND = YES;
				ENABLE_TESTABILITY = YES;
				GCC_C_LANGUAGE_STANDARD = gnu11;
				GCC_DYNAMIC_NO_PIC = NO;
				GCC_NO_COMMON_BLOCKS = YES;
				GCC_OPTIMIZATION_LEVEL = 0;
				GCC_PREPROCESSOR_DEFINITIONS = (
					"DEBUG=1",
					"$(inherited)",
				);
				GCC_WARN_64_TO_32_BIT_CONVERSION = YES;
				GCC_WARN_ABOUT_RETURN_TYPE = YES_ERROR;
				GCC_WARN_UNDECLARED_SELECTOR = YES;
				GCC_WARN_UNINITIALIZED_AUTOS = YES_AGGRESSIVE;
				GCC_WARN_UNUSED_FUNCTION = YES;
				GCC_WARN_UNUSED_VARIABLE = YES;
				IPHONEOS_DEPLOYMENT_TARGET = 16.1;
				MTL_ENABLE_DEBUG_INFO = INCLUDE_SOURCE;
				MTL_FAST_MATH = YES;
				ONLY_ACTIVE_ARCH = YES;
				SDKROOT = iphoneos;
				SWIFT_ACTIVE_COMPILATION_CONDITIONS = DEBUG;
				SWIFT_OPTIMIZATION_LEVEL = "-Onone";
			};
			name = Debug;
		};
		841410702A89DB3600ED651A /* Release */ = {
			isa = XCBuildConfiguration;
			buildSettings = {
				ALWAYS_SEARCH_USER_PATHS = NO;
				CLANG_ANALYZER_NONNULL = YES;
				CLANG_ANALYZER_NUMBER_OBJECT_CONVERSION = YES_AGGRESSIVE;
				CLANG_CXX_LANGUAGE_STANDARD = "gnu++20";
				CLANG_ENABLE_MODULES = YES;
				CLANG_ENABLE_OBJC_ARC = YES;
				CLANG_ENABLE_OBJC_WEAK = YES;
				CLANG_WARN_BLOCK_CAPTURE_AUTORELEASING = YES;
				CLANG_WARN_BOOL_CONVERSION = YES;
				CLANG_WARN_COMMA = YES;
				CLANG_WARN_CONSTANT_CONVERSION = YES;
				CLANG_WARN_DEPRECATED_OBJC_IMPLEMENTATIONS = YES;
				CLANG_WARN_DIRECT_OBJC_ISA_USAGE = YES_ERROR;
				CLANG_WARN_DOCUMENTATION_COMMENTS = YES;
				CLANG_WARN_EMPTY_BODY = YES;
				CLANG_WARN_ENUM_CONVERSION = YES;
				CLANG_WARN_INFINITE_RECURSION = YES;
				CLANG_WARN_INT_CONVERSION = YES;
				CLANG_WARN_NON_LITERAL_NULL_CONVERSION = YES;
				CLANG_WARN_OBJC_IMPLICIT_RETAIN_SELF = YES;
				CLANG_WARN_OBJC_LITERAL_CONVERSION = YES;
				CLANG_WARN_OBJC_ROOT_CLASS = YES_ERROR;
				CLANG_WARN_QUOTED_INCLUDE_IN_FRAMEWORK_HEADER = YES;
				CLANG_WARN_RANGE_LOOP_ANALYSIS = YES;
				CLANG_WARN_STRICT_PROTOTYPES = YES;
				CLANG_WARN_SUSPICIOUS_MOVE = YES;
				CLANG_WARN_UNGUARDED_AVAILABILITY = YES_AGGRESSIVE;
				CLANG_WARN_UNREACHABLE_CODE = YES;
				CLANG_WARN__DUPLICATE_METHOD_MATCH = YES;
				COPY_PHASE_STRIP = NO;
				DEBUG_INFORMATION_FORMAT = "dwarf-with-dsym";
				ENABLE_NS_ASSERTIONS = NO;
				ENABLE_STRICT_OBJC_MSGSEND = YES;
				GCC_C_LANGUAGE_STANDARD = gnu11;
				GCC_NO_COMMON_BLOCKS = YES;
				GCC_WARN_64_TO_32_BIT_CONVERSION = YES;
				GCC_WARN_ABOUT_RETURN_TYPE = YES_ERROR;
				GCC_WARN_UNDECLARED_SELECTOR = YES;
				GCC_WARN_UNINITIALIZED_AUTOS = YES_AGGRESSIVE;
				GCC_WARN_UNUSED_FUNCTION = YES;
				GCC_WARN_UNUSED_VARIABLE = YES;
				IPHONEOS_DEPLOYMENT_TARGET = 16.1;
				MTL_ENABLE_DEBUG_INFO = NO;
				MTL_FAST_MATH = YES;
				SDKROOT = iphoneos;
				SWIFT_COMPILATION_MODE = wholemodule;
				SWIFT_OPTIMIZATION_LEVEL = "-O";
				VALIDATE_PRODUCT = YES;
			};
			name = Release;
		};
		841410722A89DB3600ED651A /* Debug */ = {
			isa = XCBuildConfiguration;
			baseConfigurationReference = E1CAAA55ECD98D6509A57D2A /* Pods-Twitter.debug.xcconfig */;
			buildSettings = {
				ASSETCATALOG_COMPILER_APPICON_NAME = AppIcon;
				ASSETCATALOG_COMPILER_GLOBAL_ACCENT_COLOR_NAME = AccentColor;
				CODE_SIGN_STYLE = Automatic;
				CURRENT_PROJECT_VERSION = 1;
				DEVELOPMENT_TEAM = 326Z46L2Z3;
				GENERATE_INFOPLIST_FILE = YES;
				INFOPLIST_FILE = Twitter/Info.plist;
				INFOPLIST_KEY_UIApplicationSupportsIndirectInputEvents = YES;
				INFOPLIST_KEY_UILaunchStoryboardName = LaunchScreen;
				INFOPLIST_KEY_UISupportedInterfaceOrientations_iPad = "UIInterfaceOrientationPortrait UIInterfaceOrientationPortraitUpsideDown UIInterfaceOrientationLandscapeLeft UIInterfaceOrientationLandscapeRight";
				INFOPLIST_KEY_UISupportedInterfaceOrientations_iPhone = "UIInterfaceOrientationPortrait UIInterfaceOrientationLandscapeLeft UIInterfaceOrientationLandscapeRight";
				LD_RUNPATH_SEARCH_PATHS = (
					"$(inherited)",
					"@executable_path/Frameworks",
				);
				MARKETING_VERSION = 1.0;
				PRODUCT_BUNDLE_IDENTIFIER = com.shrc.tutorial.Twitter;
				PRODUCT_NAME = "$(TARGET_NAME)";
				SWIFT_EMIT_LOC_STRINGS = YES;
				SWIFT_VERSION = 5.0;
				TARGETED_DEVICE_FAMILY = "1,2";
			};
			name = Debug;
		};
		841410732A89DB3600ED651A /* Release */ = {
			isa = XCBuildConfiguration;
			baseConfigurationReference = 305ABF77E1FA7C89CF470A19 /* Pods-Twitter.release.xcconfig */;
			buildSettings = {
				ASSETCATALOG_COMPILER_APPICON_NAME = AppIcon;
				ASSETCATALOG_COMPILER_GLOBAL_ACCENT_COLOR_NAME = AccentColor;
				CODE_SIGN_STYLE = Automatic;
				CURRENT_PROJECT_VERSION = 1;
				DEVELOPMENT_TEAM = 326Z46L2Z3;
				GENERATE_INFOPLIST_FILE = YES;
				INFOPLIST_FILE = Twitter/Info.plist;
				INFOPLIST_KEY_UIApplicationSupportsIndirectInputEvents = YES;
				INFOPLIST_KEY_UILaunchStoryboardName = LaunchScreen;
				INFOPLIST_KEY_UISupportedInterfaceOrientations_iPad = "UIInterfaceOrientationPortrait UIInterfaceOrientationPortraitUpsideDown UIInterfaceOrientationLandscapeLeft UIInterfaceOrientationLandscapeRight";
				INFOPLIST_KEY_UISupportedInterfaceOrientations_iPhone = "UIInterfaceOrientationPortrait UIInterfaceOrientationLandscapeLeft UIInterfaceOrientationLandscapeRight";
				LD_RUNPATH_SEARCH_PATHS = (
					"$(inherited)",
					"@executable_path/Frameworks",
				);
				MARKETING_VERSION = 1.0;
				PRODUCT_BUNDLE_IDENTIFIER = com.shrc.tutorial.Twitter;
				PRODUCT_NAME = "$(TARGET_NAME)";
				SWIFT_EMIT_LOC_STRINGS = YES;
				SWIFT_VERSION = 5.0;
				TARGETED_DEVICE_FAMILY = "1,2";
			};
			name = Release;
		};
/* End XCBuildConfiguration section */

/* Begin XCConfigurationList section */
		841410582A89DB3300ED651A /* Build configuration list for PBXProject "Twitter" */ = {
			isa = XCConfigurationList;
			buildConfigurations = (
				8414106F2A89DB3600ED651A /* Debug */,
				841410702A89DB3600ED651A /* Release */,
			);
			defaultConfigurationIsVisible = 0;
			defaultConfigurationName = Release;
		};
		841410712A89DB3600ED651A /* Build configuration list for PBXNativeTarget "Twitter" */ = {
			isa = XCConfigurationList;
			buildConfigurations = (
				841410722A89DB3600ED651A /* Debug */,
				841410732A89DB3600ED651A /* Release */,
			);
			defaultConfigurationIsVisible = 0;
			defaultConfigurationName = Release;
		};
/* End XCConfigurationList section */
	};
	rootObject = 841410552A89DB3300ED651A /* Project object */;
}
